
Microsoft Visual Studio Solution File, Format Version 12.00
# Visual Studio Version 16
VisualStudioVersion = 16.0.31410.357
MinimumVisualStudioVersion = 10.0.40219.1
Project("{9A19103F-16F7-4668-BE54-9A1E7A4F7556}") = "AuthMicroservice", "AuthMicroservice.csproj", "{BF98EF99-23C5-40F2-8635-A839A72223C1}"
EndProject
Global
	GlobalSection(SolutionConfigurationPlatforms) = preSolution
		Debug|Any CPU = Debug|Any CPU
		Release|Any CPU = Release|Any CPU
	EndGlobalSection
	GlobalSection(ProjectConfigurationPlatforms) = postSolution
		{BF98EF99-23C5-40F2-8635-A839A72223C1}.Debug|Any CPU.ActiveCfg = Debug|Any CPU
		{BF98EF99-23C5-40F2-8635-A839A72223C1}.Debug|Any CPU.Build.0 = Debug|Any CPU
		{BF98EF99-23C5-40F2-8635-A839A72223C1}.Release|Any CPU.ActiveCfg = Release|Any CPU
		{BF98EF99-23C5-40F2-8635-A839A72223C1}.Release|Any CPU.Build.0 = Release|Any CPU
	EndGlobalSection
	GlobalSection(SolutionProperties) = preSolution
		HideSolutionNode = FALSE
	EndGlobalSection
	GlobalSection(ExtensibilityGlobals) = postSolution
		SolutionGuid = {4951CAC3-7B7E-4E55-9F76-424EAF37513B}
	EndGlobalSection
EndGlobal
